PODS:
  - libflif (0.3):
    - libpng
  - libpng (1.6.35)
  - SDWebImage/Core (5.0.0)
  - SDWebImageFLIFCoder (0.2.0):
    - libflif
    - SDWebImage/Core (~> 5.0)

DEPENDENCIES:
  - SDWebImageFLIFCoder (from `../`)

SPEC REPOS:
  https://github.com/cocoapods/specs.git:
    - libflif
    - libpng
    - SDWebImage

EXTERNAL SOURCES:
  SDWebImageFLIFCoder:
    :path: "../"

SPEC CHECKSUMS:
  libflif: 3cd667f03edea266d62ef175347614fc547dcaf8
  libpng: c490b0523e94f78697f83ad434fbaf715050e15b
  SDWebImage: 5de80a0302de9e377e62f47d2fa1304efff0e55f
  SDWebImageFLIFCoder: 0c7c35e1dfe8600084306a29780b97e85eb7d048

PODFILE CHECKSUM: dc66a94f7dffebb742dc5e75405c3c3219ddf107

COCOAPODS: 1.6.1
