PODS:
  - libflif (0.3):
    - libpng
  - libpng (1.6.35)
  - SDWebImage/Core (5.10.3)
  - SDWebImageFLIFCoder (0.3.0):
    - libflif
    - SDWebImage/Core (~> 5.10)

DEPENDENCIES:
  - SDWebImageFLIFCoder (from `../`)

SPEC REPOS:
  trunk:
    - libflif
    - libpng
    - SDWebImage

EXTERNAL SOURCES:
  SDWebImageFLIFCoder:
    :path: "../"

SPEC CHECKSUMS:
  libflif: 3cd667f03edea266d62ef175347614fc547dcaf8
  libpng: c490b0523e94f78697f83ad434fbaf715050e15b
  SDWebImage: e378178472b735e84b007bfb55514c97948a0598
  SDWebImageFLIFCoder: e96bde42eaad74c775e4cc2bed3a558543f0cf55

PODFILE CHECKSUM: 1fac428bdc53547286c6199ab3af24c8126e1e1d

COCOAPODS: 1.8.4
