// !$*UTF8*$!
{
	archiveVersion = 1;
	classes = {
	};
	objectVersion = 50;
	objects = {

/* Begin PBXBuildFile section */
		328E96222202F6AB004DB3BD /* SDWebImageFLIFCoder.h in Headers */ = {isa = PBXBuildFile; fileRef = 328E961F2202F6AB004DB3BD /* SDWebImageFLIFCoder.h */; settings = {ATTRIBUTES = (Public, ); }; };
		328E96282202F6B3004DB3BD /* SDImageFLIFCoder.h in Headers */ = {isa = PBXBuildFile; fileRef = 328E96252202F6B3004DB3BD /* SDImageFLIFCoder.h */; settings = {ATTRIBUTES = (Public, ); }; };
		328E962A2202F6B3004DB3BD /* SDImageFLIFCoder.m in Sources */ = {isa = PBXBuildFile; fileRef = 328E96272202F6B3004DB3BD /* SDImageFLIFCoder.m */; };
		328E96522202F76E004DB3BD /* SDImageFLIFCoder.h in Headers */ = {isa = PBXBuildFile; fileRef = 328E96252202F6B3004DB3BD /* SDImageFLIFCoder.h */; settings = {ATTRIBUTES = (Public, ); }; };
		328E96532202F76E004DB3BD /* SDImageFLIFCoder.m in Sources */ = {isa = PBXBuildFile; fileRef = 328E96272202F6B3004DB3BD /* SDImageFLIFCoder.m */; };
		328E96542202F76F004DB3BD /* SDImageFLIFCoder.h in Headers */ = {isa = PBXBuildFile; fileRef = 328E96252202F6B3004DB3BD /* SDImageFLIFCoder.h */; settings = {ATTRIBUTES = (Public, ); }; };
		328E96552202F76F004DB3BD /* SDImageFLIFCoder.m in Sources */ = {isa = PBXBuildFile; fileRef = 328E96272202F6B3004DB3BD /* SDImageFLIFCoder.m */; };
		328E96562202F76F004DB3BD /* SDImageFLIFCoder.h in Headers */ = {isa = PBXBuildFile; fileRef = 328E96252202F6B3004DB3BD /* SDImageFLIFCoder.h */; settings = {ATTRIBUTES = (Public, ); }; };
		328E96572202F76F004DB3BD /* SDImageFLIFCoder.m in Sources */ = {isa = PBXBuildFile; fileRef = 328E96272202F6B3004DB3BD /* SDImageFLIFCoder.m */; };
		328E96582202F772004DB3BD /* SDWebImageFLIFCoder.h in Headers */ = {isa = PBXBuildFile; fileRef = 328E961F2202F6AB004DB3BD /* SDWebImageFLIFCoder.h */; settings = {ATTRIBUTES = (Public, ); }; };
		328E96592202F773004DB3BD /* SDWebImageFLIFCoder.h in Headers */ = {isa = PBXBuildFile; fileRef = 328E961F2202F6AB004DB3BD /* SDWebImageFLIFCoder.h */; settings = {ATTRIBUTES = (Public, ); }; };
		328E965A2202F773004DB3BD /* SDWebImageFLIFCoder.h in Headers */ = {isa = PBXBuildFile; fileRef = 328E961F2202F6AB004DB3BD /* SDWebImageFLIFCoder.h */; settings = {ATTRIBUTES = (Public, ); }; };
		328E965D2202F7E1004DB3BD /* libflif.framework in Frameworks */ = {isa = PBXBuildFile; fileRef = 328E965C2202F7E1004DB3BD /* libflif.framework */; };
		328E965F2202F7EC004DB3BD /* libflif.framework in Frameworks */ = {isa = PBXBuildFile; fileRef = 328E965E2202F7EC004DB3BD /* libflif.framework */; };
		328E96612202F812004DB3BD /* libflif.framework in Frameworks */ = {isa = PBXBuildFile; fileRef = 328E96602202F812004DB3BD /* libflif.framework */; };
		328E96632202F81B004DB3BD /* libflif.framework in Frameworks */ = {isa = PBXBuildFile; fileRef = 328E96622202F81B004DB3BD /* libflif.framework */; };
		328E96652202F9BE004DB3BD /* SDWebImage.framework in Frameworks */ = {isa = PBXBuildFile; fileRef = 328E96642202F9BE004DB3BD /* SDWebImage.framework */; };
		328E96672202F9CA004DB3BD /* SDWebImage.framework in Frameworks */ = {isa = PBXBuildFile; fileRef = 328E96662202F9CA004DB3BD /* SDWebImage.framework */; };
		328E96692202F9D3004DB3BD /* SDWebImage.framework in Frameworks */ = {isa = PBXBuildFile; fileRef = 328E96682202F9D3004DB3BD /* SDWebImage.framework */; };
		328E966B2202F9DC004DB3BD /* SDWebImage.framework in Frameworks */ = {isa = PBXBuildFile; fileRef = 328E966A2202F9DC004DB3BD /* SDWebImage.framework */; };
/* End PBXBuildFile section */

/* Begin PBXFileReference section */
		328E96132202F66F004DB3BD /* SDWebImageFLIFCoder.framework */ = {isa = PBXFileReference; explicitFileType = wrapper.framework; includeInIndex = 0; path = SDWebImageFLIFCoder.framework; sourceTree = BUILT_PRODUCTS_DIR; };
		328E961F2202F6AB004DB3BD /* SDWebImageFLIFCoder.h */ = {isa = PBXFileReference; fileEncoding = 4; lastKnownFileType = sourcecode.c.h; path = SDWebImageFLIFCoder.h; sourceTree = "<group>"; };
		328E96202202F6AB004DB3BD /* SDWebImageFLIFCoder.modulemap */ = {isa = PBXFileReference; fileEncoding = 4; lastKnownFileType = "sourcecode.module-map"; path = SDWebImageFLIFCoder.modulemap; sourceTree = "<group>"; };
		328E96212202F6AB004DB3BD /* Info.plist */ = {isa = PBXFileReference; fileEncoding = 4; lastKnownFileType = text.plist.xml; path = Info.plist; sourceTree = "<group>"; };
		328E96252202F6B3004DB3BD /* SDImageFLIFCoder.h */ = {isa = PBXFileReference; fileEncoding = 4; lastKnownFileType = sourcecode.c.h; path = SDImageFLIFCoder.h; sourceTree = "<group>"; };
		328E96272202F6B3004DB3BD /* SDImageFLIFCoder.m */ = {isa = PBXFileReference; fileEncoding = 4; lastKnownFileType = sourcecode.c.objc; path = SDImageFLIFCoder.m; sourceTree = "<group>"; };
		328E96302202F732004DB3BD /* SDWebImageFLIFCoder_macOS.framework */ = {isa = PBXFileReference; explicitFileType = wrapper.framework; includeInIndex = 0; path = SDWebImageFLIFCoder_macOS.framework; sourceTree = BUILT_PRODUCTS_DIR; };
		328E963D2202F73F004DB3BD /* SDWebImageFLIFCoder_tvOS.framework */ = {isa = PBXFileReference; explicitFileType = wrapper.framework; includeInIndex = 0; path = SDWebImageFLIFCoder_tvOS.framework; sourceTree = BUILT_PRODUCTS_DIR; };
		328E964A2202F747004DB3BD /* SDWebImageFLIFCoder_watchOS.framework */ = {isa = PBXFileReference; explicitFileType = wrapper.framework; includeInIndex = 0; path = SDWebImageFLIFCoder_watchOS.framework; sourceTree = BUILT_PRODUCTS_DIR; };
		328E965C2202F7E1004DB3BD /* libflif.framework */ = {isa = PBXFileReference; lastKnownFileType = wrapper.framework; name = libflif.framework; path = Carthage/Build/iOS/libflif.framework; sourceTree = "<group>"; };
		328E965E2202F7EC004DB3BD /* libflif.framework */ = {isa = PBXFileReference; lastKnownFileType = wrapper.framework; name = libflif.framework; path = Carthage/Build/Mac/libflif.framework; sourceTree = "<group>"; };
		328E96602202F812004DB3BD /* libflif.framework */ = {isa = PBXFileReference; lastKnownFileType = wrapper.framework; name = libflif.framework; path = Carthage/Build/tvOS/libflif.framework; sourceTree = "<group>"; };
		328E96622202F81B004DB3BD /* libflif.framework */ = {isa = PBXFileReference; lastKnownFileType = wrapper.framework; name = libflif.framework; path = Carthage/Build/watchOS/libflif.framework; sourceTree = "<group>"; };
		328E96642202F9BE004DB3BD /* SDWebImage.framework */ = {isa = PBXFileReference; lastKnownFileType = wrapper.framework; name = SDWebImage.framework; path = Carthage/Build/iOS/SDWebImage.framework; sourceTree = "<group>"; };
		328E96662202F9CA004DB3BD /* SDWebImage.framework */ = {isa = PBXFileReference; lastKnownFileType = wrapper.framework; name = SDWebImage.framework; path = Carthage/Build/Mac/SDWebImage.framework; sourceTree = "<group>"; };
		328E96682202F9D3004DB3BD /* SDWebImage.framework */ = {isa = PBXFileReference; lastKnownFileType = wrapper.framework; name = SDWebImage.framework; path = Carthage/Build/tvOS/SDWebImage.framework; sourceTree = "<group>"; };
		328E966A2202F9DC004DB3BD /* SDWebImage.framework */ = {isa = PBXFileReference; lastKnownFileType = wrapper.framework; name = SDWebImage.framework; path = Carthage/Build/watchOS/SDWebImage.framework; sourceTree = "<group>"; };
/* End PBXFileReference section */

/* Begin PBXFrameworksBuildPhase section */
		328E96102202F66F004DB3BD /* Frameworks */ = {
			isa = PBXFrameworksBuildPhase;
			buildActionMask = 2147483647;
			files = (
				328E96652202F9BE004DB3BD /* SDWebImage.framework in Frameworks */,
				328E965D2202F7E1004DB3BD /* libflif.framework in Frameworks */,
			);
			runOnlyForDeploymentPostprocessing = 0;
		};
		328E962D2202F732004DB3BD /* Frameworks */ = {
			isa = PBXFrameworksBuildPhase;
			buildActionMask = 2147483647;
			files = (
				328E96672202F9CA004DB3BD /* SDWebImage.framework in Frameworks */,
				328E965F2202F7EC004DB3BD /* libflif.framework in Frameworks */,
			);
			runOnlyForDeploymentPostprocessing = 0;
		};
		328E963A2202F73F004DB3BD /* Frameworks */ = {
			isa = PBXFrameworksBuildPhase;
			buildActionMask = 2147483647;
			files = (
				328E96692202F9D3004DB3BD /* SDWebImage.framework in Frameworks */,
				328E96612202F812004DB3BD /* libflif.framework in Frameworks */,
			);
			runOnlyForDeploymentPostprocessing = 0;
		};
		328E96472202F747004DB3BD /* Frameworks */ = {
			isa = PBXFrameworksBuildPhase;
			buildActionMask = 2147483647;
			files = (
				328E966B2202F9DC004DB3BD /* SDWebImage.framework in Frameworks */,
				328E96632202F81B004DB3BD /* libflif.framework in Frameworks */,
			);
			runOnlyForDeploymentPostprocessing = 0;
		};
/* End PBXFrameworksBuildPhase section */

/* Begin PBXGroup section */
		328E96092202F66F004DB3BD = {
			isa = PBXGroup;
			children = (
				328E96152202F66F004DB3BD /* SDWebImageFLIFCoder */,
				328E96142202F66F004DB3BD /* Products */,
				328E965B2202F7E0004DB3BD /* Frameworks */,
			);
			sourceTree = "<group>";
		};
		328E96142202F66F004DB3BD /* Products */ = {
			isa = PBXGroup;
			children = (
				328E96132202F66F004DB3BD /* SDWebImageFLIFCoder.framework */,
				328E96302202F732004DB3BD /* SDWebImageFLIFCoder_macOS.framework */,
				328E963D2202F73F004DB3BD /* SDWebImageFLIFCoder_tvOS.framework */,
				328E964A2202F747004DB3BD /* SDWebImageFLIFCoder_watchOS.framework */,
			);
			name = Products;
			sourceTree = "<group>";
		};
		328E96152202F66F004DB3BD /* SDWebImageFLIFCoder */ = {
			isa = PBXGroup;
			children = (
				328E96242202F6B3004DB3BD /* Classes */,
				328E961E2202F6AB004DB3BD /* Module */,
			);
			path = SDWebImageFLIFCoder;
			sourceTree = "<group>";
		};
		328E961E2202F6AB004DB3BD /* Module */ = {
			isa = PBXGroup;
			children = (
				328E961F2202F6AB004DB3BD /* SDWebImageFLIFCoder.h */,
				328E96202202F6AB004DB3BD /* SDWebImageFLIFCoder.modulemap */,
				328E96212202F6AB004DB3BD /* Info.plist */,
			);
			path = Module;
			sourceTree = "<group>";
		};
		328E96242202F6B3004DB3BD /* Classes */ = {
			isa = PBXGroup;
			children = (
				328E96252202F6B3004DB3BD /* SDImageFLIFCoder.h */,
				328E96272202F6B3004DB3BD /* SDImageFLIFCoder.m */,
			);
			path = Classes;
			sourceTree = "<group>";
		};
		328E965B2202F7E0004DB3BD /* Frameworks */ = {
			isa = PBXGroup;
			children = (
				328E96642202F9BE004DB3BD /* SDWebImage.framework */,
				328E96662202F9CA004DB3BD /* SDWebImage.framework */,
				328E96682202F9D3004DB3BD /* SDWebImage.framework */,
				328E966A2202F9DC004DB3BD /* SDWebImage.framework */,
				328E96622202F81B004DB3BD /* libflif.framework */,
				328E96602202F812004DB3BD /* libflif.framework */,
				328E965E2202F7EC004DB3BD /* libflif.framework */,
				328E965C2202F7E1004DB3BD /* libflif.framework */,
			);
			name = Frameworks;
			sourceTree = "<group>";
		};
/* End PBXGroup section */

/* Begin PBXHeadersBuildPhase section */
		328E960E2202F66F004DB3BD /* Headers */ = {
			isa = PBXHeadersBuildPhase;
			buildActionMask = 2147483647;
			files = (
				328E96282202F6B3004DB3BD /* SDImageFLIFCoder.h in Headers */,
				328E96222202F6AB004DB3BD /* SDWebImageFLIFCoder.h in Headers */,
			);
			runOnlyForDeploymentPostprocessing = 0;
		};
		328E962B2202F732004DB3BD /* Headers */ = {
			isa = PBXHeadersBuildPhase;
			buildActionMask = 2147483647;
			files = (
				328E96522202F76E004DB3BD /* SDImageFLIFCoder.h in Headers */,
				328E96582202F772004DB3BD /* SDWebImageFLIFCoder.h in Headers */,
			);
			runOnlyForDeploymentPostprocessing = 0;
		};
		328E96382202F73F004DB3BD /* Headers */ = {
			isa = PBXHeadersBuildPhase;
			buildActionMask = 2147483647;
			files = (
				328E96542202F76F004DB3BD /* SDImageFLIFCoder.h in Headers */,
				328E96592202F773004DB3BD /* SDWebImageFLIFCoder.h in Headers */,
			);
			runOnlyForDeploymentPostprocessing = 0;
		};
		328E96452202F747004DB3BD /* Headers */ = {
			isa = PBXHeadersBuildPhase;
			buildActionMask = 2147483647;
			files = (
				328E96562202F76F004DB3BD /* SDImageFLIFCoder.h in Headers */,
				328E965A2202F773004DB3BD /* SDWebImageFLIFCoder.h in Headers */,
			);
			runOnlyForDeploymentPostprocessing = 0;
		};
/* End PBXHeadersBuildPhase section */

/* Begin PBXNativeTarget section */
		328E96122202F66F004DB3BD /* SDWebImageFLIFCoder */ = {
			isa = PBXNativeTarget;
			buildConfigurationList = 328E961B2202F66F004DB3BD /* Build configuration list for PBXNativeTarget "SDWebImageFLIFCoder" */;
			buildPhases = (
				328E960E2202F66F004DB3BD /* Headers */,
				328E960F2202F66F004DB3BD /* Sources */,
				328E96102202F66F004DB3BD /* Frameworks */,
				328E96112202F66F004DB3BD /* Resources */,
			);
			buildRules = (
			);
			dependencies = (
			);
			name = SDWebImageFLIFCoder;
			productName = SDWebImageFLIFCoder;
			productReference = 328E96132202F66F004DB3BD /* SDWebImageFLIFCoder.framework */;
			productType = "com.apple.product-type.framework";
		};
		328E962F2202F732004DB3BD /* SDWebImageFLIFCoder-macOS */ = {
			isa = PBXNativeTarget;
			buildConfigurationList = 328E96352202F732004DB3BD /* Build configuration list for PBXNativeTarget "SDWebImageFLIFCoder-macOS" */;
			buildPhases = (
				328E962B2202F732004DB3BD /* Headers */,
				328E962C2202F732004DB3BD /* Sources */,
				328E962D2202F732004DB3BD /* Frameworks */,
				328E962E2202F732004DB3BD /* Resources */,
			);
			buildRules = (
			);
			dependencies = (
			);
			name = "SDWebImageFLIFCoder-macOS";
			productName = "SDWebImageFLIFCoder-macOS";
			productReference = 328E96302202F732004DB3BD /* SDWebImageFLIFCoder_macOS.framework */;
			productType = "com.apple.product-type.framework";
		};
		328E963C2202F73F004DB3BD /* SDWebImageFLIFCoder-tvOS */ = {
			isa = PBXNativeTarget;
			buildConfigurationList = 328E96422202F73F004DB3BD /* Build configuration list for PBXNativeTarget "SDWebImageFLIFCoder-tvOS" */;
			buildPhases = (
				328E96382202F73F004DB3BD /* Headers */,
				328E96392202F73F004DB3BD /* Sources */,
				328E963A2202F73F004DB3BD /* Frameworks */,
				328E963B2202F73F004DB3BD /* Resources */,
			);
			buildRules = (
			);
			dependencies = (
			);
			name = "SDWebImageFLIFCoder-tvOS";
			productName = "SDWebImageFLIFCoder-tvOS";
			productReference = 328E963D2202F73F004DB3BD /* SDWebImageFLIFCoder_tvOS.framework */;
			productType = "com.apple.product-type.framework";
		};
		328E96492202F747004DB3BD /* SDWebImageFLIFCoder-watchOS */ = {
			isa = PBXNativeTarget;
			buildConfigurationList = 328E964F2202F747004DB3BD /* Build configuration list for PBXNativeTarget "SDWebImageFLIFCoder-watchOS" */;
			buildPhases = (
				328E96452202F747004DB3BD /* Headers */,
				328E96462202F747004DB3BD /* Sources */,
				328E96472202F747004DB3BD /* Frameworks */,
				328E96482202F747004DB3BD /* Resources */,
			);
			buildRules = (
			);
			dependencies = (
			);
			name = "SDWebImageFLIFCoder-watchOS";
			productName = "SDWebImageFLIFCoder-watchOS";
			productReference = 328E964A2202F747004DB3BD /* SDWebImageFLIFCoder_watchOS.framework */;
			productType = "com.apple.product-type.framework";
		};
/* End PBXNativeTarget section */

/* Begin PBXProject section */
		328E960A2202F66F004DB3BD /* Project object */ = {
			isa = PBXProject;
			attributes = {
				LastUpgradeCheck = 1010;
				ORGANIZATIONNAME = SDWebImage;
				TargetAttributes = {
					328E96122202F66F004DB3BD = {
						CreatedOnToolsVersion = 10.1;
					};
					328E962F2202F732004DB3BD = {
						CreatedOnToolsVersion = 10.1;
					};
					328E963C2202F73F004DB3BD = {
						CreatedOnToolsVersion = 10.1;
					};
					328E96492202F747004DB3BD = {
						CreatedOnToolsVersion = 10.1;
					};
				};
			};
			buildConfigurationList = 328E960D2202F66F004DB3BD /* Build configuration list for PBXProject "SDWebImageFLIFCoder" */;
			compatibilityVersion = "Xcode 9.3";
			developmentRegion = en;
			hasScannedForEncodings = 0;
			knownRegions = (
				en,
			);
			mainGroup = 328E96092202F66F004DB3BD;
			productRefGroup = 328E96142202F66F004DB3BD /* Products */;
			projectDirPath = "";
			projectRoot = "";
			targets = (
				328E96122202F66F004DB3BD /* SDWebImageFLIFCoder */,
				328E962F2202F732004DB3BD /* SDWebImageFLIFCoder-macOS */,
				328E963C2202F73F004DB3BD /* SDWebImageFLIFCoder-tvOS */,
				328E96492202F747004DB3BD /* SDWebImageFLIFCoder-watchOS */,
			);
		};
/* End PBXProject section */

/* Begin PBXResourcesBuildPhase section */
		328E96112202F66F004DB3BD /* Resources */ = {
			isa = PBXResourcesBuildPhase;
			buildActionMask = 2147483647;
			files = (
			);
			runOnlyForDeploymentPostprocessing = 0;
		};
		328E962E2202F732004DB3BD /* Resources */ = {
			isa = PBXResourcesBuildPhase;
			buildActionMask = 2147483647;
			files = (
			);
			runOnlyForDeploymentPostprocessing = 0;
		};
		328E963B2202F73F004DB3BD /* Resources */ = {
			isa = PBXResourcesBuildPhase;
			buildActionMask = 2147483647;
			files = (
			);
			runOnlyForDeploymentPostprocessing = 0;
		};
		328E96482202F747004DB3BD /* Resources */ = {
			isa = PBXResourcesBuildPhase;
			buildActionMask = 2147483647;
			files = (
			);
			runOnlyForDeploymentPostprocessing = 0;
		};
/* End PBXResourcesBuildPhase section */

/* Begin PBXSourcesBuildPhase section */
		328E960F2202F66F004DB3BD /* Sources */ = {
			isa = PBXSourcesBuildPhase;
			buildActionMask = 2147483647;
			files = (
				328E962A2202F6B3004DB3BD /* SDImageFLIFCoder.m in Sources */,
			);
			runOnlyForDeploymentPostprocessing = 0;
		};
		328E962C2202F732004DB3BD /* Sources */ = {
			isa = PBXSourcesBuildPhase;
			buildActionMask = 2147483647;
			files = (
				328E96532202F76E004DB3BD /* SDImageFLIFCoder.m in Sources */,
			);
			runOnlyForDeploymentPostprocessing = 0;
		};
		328E96392202F73F004DB3BD /* Sources */ = {
			isa = PBXSourcesBuildPhase;
			buildActionMask = 2147483647;
			files = (
				328E96552202F76F004DB3BD /* SDImageFLIFCoder.m in Sources */,
			);
			runOnlyForDeploymentPostprocessing = 0;
		};
		328E96462202F747004DB3BD /* Sources */ = {
			isa = PBXSourcesBuildPhase;
			buildActionMask = 2147483647;
			files = (
				328E96572202F76F004DB3BD /* SDImageFLIFCoder.m in Sources */,
			);
			runOnlyForDeploymentPostprocessing = 0;
		};
/* End PBXSourcesBuildPhase section */

/* Begin XCBuildConfiguration section */
		328E96192202F66F004DB3BD /* Debug */ = {
			isa = XCBuildConfiguration;
			buildSettings = {
				ALWAYS_SEARCH_USER_PATHS = NO;
				CLANG_ANALYZER_NONNULL = YES;
				CLANG_ANALYZER_NUMBER_OBJECT_CONVERSION = YES_AGGRESSIVE;
				CLANG_CXX_LANGUAGE_STANDARD = "gnu++14";
				CLANG_CXX_LIBRARY = "libc++";
				CLANG_ENABLE_MODULES = YES;
				CLANG_ENABLE_OBJC_ARC = YES;
				CLANG_ENABLE_OBJC_WEAK = YES;
				CLANG_WARN_BLOCK_CAPTURE_AUTORELEASING = YES;
				CLANG_WARN_BOOL_CONVERSION = YES;
				CLANG_WARN_COMMA = YES;
				CLANG_WARN_CONSTANT_CONVERSION = YES;
				CLANG_WARN_DEPRECATED_OBJC_IMPLEMENTATIONS = YES;
				CLANG_WARN_DIRECT_OBJC_ISA_USAGE = YES_ERROR;
				CLANG_WARN_DOCUMENTATION_COMMENTS = YES;
				CLANG_WARN_EMPTY_BODY = YES;
				CLANG_WARN_ENUM_CONVERSION = YES;
				CLANG_WARN_INFINITE_RECURSION = YES;
				CLANG_WARN_INT_CONVERSION = YES;
				CLANG_WARN_NON_LITERAL_NULL_CONVERSION = YES;
				CLANG_WARN_OBJC_IMPLICIT_RETAIN_SELF = YES;
				CLANG_WARN_OBJC_LITERAL_CONVERSION = YES;
				CLANG_WARN_OBJC_ROOT_CLASS = YES_ERROR;
				CLANG_WARN_RANGE_LOOP_ANALYSIS = YES;
				CLANG_WARN_STRICT_PROTOTYPES = YES;
				CLANG_WARN_SUSPICIOUS_MOVE = YES;
				CLANG_WARN_UNGUARDED_AVAILABILITY = YES_AGGRESSIVE;
				CLANG_WARN_UNREACHABLE_CODE = YES;
				CLANG_WARN__DUPLICATE_METHOD_MATCH = YES;
				CODE_SIGN_IDENTITY = "iPhone Developer";
				COPY_PHASE_STRIP = NO;
				CURRENT_PROJECT_VERSION = 1;
				DEBUG_INFORMATION_FORMAT = dwarf;
				ENABLE_STRICT_OBJC_MSGSEND = YES;
				ENABLE_TESTABILITY = YES;
				GCC_C_LANGUAGE_STANDARD = gnu11;
				GCC_DYNAMIC_NO_PIC = NO;
				GCC_NO_COMMON_BLOCKS = YES;
				GCC_OPTIMIZATION_LEVEL = 0;
				GCC_PREPROCESSOR_DEFINITIONS = (
					"DEBUG=1",
					"$(inherited)",
				);
				GCC_WARN_64_TO_32_BIT_CONVERSION = YES;
				GCC_WARN_ABOUT_RETURN_TYPE = YES_ERROR;
				GCC_WARN_UNDECLARED_SELECTOR = YES;
				GCC_WARN_UNINITIALIZED_AUTOS = YES_AGGRESSIVE;
				GCC_WARN_UNUSED_FUNCTION = YES;
				GCC_WARN_UNUSED_VARIABLE = YES;
				IPHONEOS_DEPLOYMENT_TARGET = 9.0;
				MACOSX_DEPLOYMENT_TARGET = 10.11;
				MTL_ENABLE_DEBUG_INFO = INCLUDE_SOURCE;
				MTL_FAST_MATH = YES;
				ONLY_ACTIVE_ARCH = YES;
				PRODUCT_MODULE_NAME = SDWebImageFLIFCoder;
				PRODUCT_NAME = SDWebImageFLIFCoder;
				SDKROOT = iphoneos;
				TVOS_DEPLOYMENT_TARGET = 9.0;
				VERSIONING_SYSTEM = "apple-generic";
				VERSION_INFO_PREFIX = "";
				WATCHOS_DEPLOYMENT_TARGET = 2.0;
			};
			name = Debug;
		};
		328E961A2202F66F004DB3BD /* Release */ = {
			isa = XCBuildConfiguration;
			buildSettings = {
				ALWAYS_SEARCH_USER_PATHS = NO;
				CLANG_ANALYZER_NONNULL = YES;
				CLANG_ANALYZER_NUMBER_OBJECT_CONVERSION = YES_AGGRESSIVE;
				CLANG_CXX_LANGUAGE_STANDARD = "gnu++14";
				CLANG_CXX_LIBRARY = "libc++";
				CLANG_ENABLE_MODULES = YES;
				CLANG_ENABLE_OBJC_ARC = YES;
				CLANG_ENABLE_OBJC_WEAK = YES;
				CLANG_WARN_BLOCK_CAPTURE_AUTORELEASING = YES;
				CLANG_WARN_BOOL_CONVERSION = YES;
				CLANG_WARN_COMMA = YES;
				CLANG_WARN_CONSTANT_CONVERSION = YES;
				CLANG_WARN_DEPRECATED_OBJC_IMPLEMENTATIONS = YES;
				CLANG_WARN_DIRECT_OBJC_ISA_USAGE = YES_ERROR;
				CLANG_WARN_DOCUMENTATION_COMMENTS = YES;
				CLANG_WARN_EMPTY_BODY = YES;
				CLANG_WARN_ENUM_CONVERSION = YES;
				CLANG_WARN_INFINITE_RECURSION = YES;
				CLANG_WARN_INT_CONVERSION = YES;
				CLANG_WARN_NON_LITERAL_NULL_CONVERSION = YES;
				CLANG_WARN_OBJC_IMPLICIT_RETAIN_SELF = YES;
				CLANG_WARN_OBJC_LITERAL_CONVERSION = YES;
				CLANG_WARN_OBJC_ROOT_CLASS = YES_ERROR;
				CLANG_WARN_RANGE_LOOP_ANALYSIS = YES;
				CLANG_WARN_STRICT_PROTOTYPES = YES;
				CLANG_WARN_SUSPICIOUS_MOVE = YES;
				CLANG_WARN_UNGUARDED_AVAILABILITY = YES_AGGRESSIVE;
				CLANG_WARN_UNREACHABLE_CODE = YES;
				CLANG_WARN__DUPLICATE_METHOD_MATCH = YES;
				CODE_SIGN_IDENTITY = "iPhone Developer";
				COPY_PHASE_STRIP = NO;
				CURRENT_PROJECT_VERSION = 1;
				DEBUG_INFORMATION_FORMAT = "dwarf-with-dsym";
				ENABLE_NS_ASSERTIONS = NO;
				ENABLE_STRICT_OBJC_MSGSEND = YES;
				GCC_C_LANGUAGE_STANDARD = gnu11;
				GCC_NO_COMMON_BLOCKS = YES;
				GCC_WARN_64_TO_32_BIT_CONVERSION = YES;
				GCC_WARN_ABOUT_RETURN_TYPE = YES_ERROR;
				GCC_WARN_UNDECLARED_SELECTOR = YES;
				GCC_WARN_UNINITIALIZED_AUTOS = YES_AGGRESSIVE;
				GCC_WARN_UNUSED_FUNCTION = YES;
				GCC_WARN_UNUSED_VARIABLE = YES;
				IPHONEOS_DEPLOYMENT_TARGET = 9.0;
				MACOSX_DEPLOYMENT_TARGET = 10.11;
				MTL_ENABLE_DEBUG_INFO = NO;
				MTL_FAST_MATH = YES;
				PRODUCT_MODULE_NAME = SDWebImageFLIFCoder;
				PRODUCT_NAME = SDWebImageFLIFCoder;
				SDKROOT = iphoneos;
				TVOS_DEPLOYMENT_TARGET = 9.0;
				VALIDATE_PRODUCT = YES;
				VERSIONING_SYSTEM = "apple-generic";
				VERSION_INFO_PREFIX = "";
				WATCHOS_DEPLOYMENT_TARGET = 2.0;
			};
			name = Release;
		};
		328E961C2202F66F004DB3BD /* Debug */ = {
			isa = XCBuildConfiguration;
			buildSettings = {
				CODE_SIGN_IDENTITY = "";
				CODE_SIGN_STYLE = Automatic;
				DEFINES_MODULE = YES;
				DYLIB_COMPATIBILITY_VERSION = 1;
				DYLIB_CURRENT_VERSION = 1;
				DYLIB_INSTALL_NAME_BASE = "@rpath";
				FRAMEWORK_SEARCH_PATHS = (
					"$(inherited)",
					"$(PROJECT_DIR)/Carthage/Build/iOS",
				);
				INFOPLIST_FILE = "$(SRCROOT)/SDWebImageFLIFCoder/Module/Info.plist";
				INSTALL_PATH = "$(LOCAL_LIBRARY_DIR)/Frameworks";
				LD_RUNPATH_SEARCH_PATHS = (
					"$(inherited)",
					"@executable_path/Frameworks",
					"@loader_path/Frameworks",
				);
				PRODUCT_BUNDLE_IDENTIFIER = org.SDWebImage.SDWebImageFLIFCoder;
				PRODUCT_NAME = "$(TARGET_NAME:c99extidentifier)";
				SKIP_INSTALL = YES;
				TARGETED_DEVICE_FAMILY = "1,2";
			};
			name = Debug;
		};
		328E961D2202F66F004DB3BD /* Release */ = {
			isa = XCBuildConfiguration;
			buildSettings = {
				CODE_SIGN_IDENTITY = "";
				CODE_SIGN_STYLE = Automatic;
				DEFINES_MODULE = YES;
				DYLIB_COMPATIBILITY_VERSION = 1;
				DYLIB_CURRENT_VERSION = 1;
				DYLIB_INSTALL_NAME_BASE = "@rpath";
				FRAMEWORK_SEARCH_PATHS = (
					"$(inherited)",
					"$(PROJECT_DIR)/Carthage/Build/iOS",
				);
				INFOPLIST_FILE = "$(SRCROOT)/SDWebImageFLIFCoder/Module/Info.plist";
				INSTALL_PATH = "$(LOCAL_LIBRARY_DIR)/Frameworks";
				LD_RUNPATH_SEARCH_PATHS = (
					"$(inherited)",
					"@executable_path/Frameworks",
					"@loader_path/Frameworks",
				);
				PRODUCT_BUNDLE_IDENTIFIER = org.SDWebImage.SDWebImageFLIFCoder;
				PRODUCT_NAME = "$(TARGET_NAME:c99extidentifier)";
				SKIP_INSTALL = YES;
				TARGETED_DEVICE_FAMILY = "1,2";
			};
			name = Release;
		};
		328E96362202F732004DB3BD /* Debug */ = {
			isa = XCBuildConfiguration;
			buildSettings = {
				CODE_SIGN_IDENTITY = "-";
				CODE_SIGN_STYLE = Automatic;
				COMBINE_HIDPI_IMAGES = YES;
				DEFINES_MODULE = YES;
				DYLIB_COMPATIBILITY_VERSION = 1;
				DYLIB_CURRENT_VERSION = 1;
				DYLIB_INSTALL_NAME_BASE = "@rpath";
				FRAMEWORK_SEARCH_PATHS = (
					"$(inherited)",
					"$(PROJECT_DIR)/Carthage/Build/Mac",
				);
				FRAMEWORK_VERSION = A;
				INFOPLIST_FILE = "$(SRCROOT)/SDWebImageFLIFCoder/Module/Info.plist";
				INSTALL_PATH = "$(LOCAL_LIBRARY_DIR)/Frameworks";
				LD_RUNPATH_SEARCH_PATHS = (
					"$(inherited)",
					"@executable_path/../Frameworks",
					"@loader_path/Frameworks",
				);
				PRODUCT_BUNDLE_IDENTIFIER = "org.SDWebImage.SDWebImageFLIFCoder-macOS";
				PRODUCT_NAME = "$(TARGET_NAME:c99extidentifier)";
				SDKROOT = macosx;
				SKIP_INSTALL = YES;
			};
			name = Debug;
		};
		328E96372202F732004DB3BD /* Release */ = {
			isa = XCBuildConfiguration;
			buildSettings = {
				CODE_SIGN_IDENTITY = "-";
				CODE_SIGN_STYLE = Automatic;
				COMBINE_HIDPI_IMAGES = YES;
				DEFINES_MODULE = YES;
				DYLIB_COMPATIBILITY_VERSION = 1;
				DYLIB_CURRENT_VERSION = 1;
				DYLIB_INSTALL_NAME_BASE = "@rpath";
				FRAMEWORK_SEARCH_PATHS = (
					"$(inherited)",
					"$(PROJECT_DIR)/Carthage/Build/Mac",
				);
				FRAMEWORK_VERSION = A;
				INFOPLIST_FILE = "$(SRCROOT)/SDWebImageFLIFCoder/Module/Info.plist";
				INSTALL_PATH = "$(LOCAL_LIBRARY_DIR)/Frameworks";
				LD_RUNPATH_SEARCH_PATHS = (
					"$(inherited)",
					"@executable_path/../Frameworks",
					"@loader_path/Frameworks",
				);
				PRODUCT_BUNDLE_IDENTIFIER = "org.SDWebImage.SDWebImageFLIFCoder-macOS";
				PRODUCT_NAME = "$(TARGET_NAME:c99extidentifier)";
				SDKROOT = macosx;
				SKIP_INSTALL = YES;
			};
			name = Release;
		};
		328E96432202F73F004DB3BD /* Debug */ = {
			isa = XCBuildConfiguration;
			buildSettings = {
				CODE_SIGN_IDENTITY = "";
				CODE_SIGN_STYLE = Automatic;
				DEFINES_MODULE = YES;
				DYLIB_COMPATIBILITY_VERSION = 1;
				DYLIB_CURRENT_VERSION = 1;
				DYLIB_INSTALL_NAME_BASE = "@rpath";
				FRAMEWORK_SEARCH_PATHS = (
					"$(inherited)",
					"$(PROJECT_DIR)/Carthage/Build/tvOS",
				);
				INFOPLIST_FILE = "$(SRCROOT)/SDWebImageFLIFCoder/Module/Info.plist";
				INSTALL_PATH = "$(LOCAL_LIBRARY_DIR)/Frameworks";
				LD_RUNPATH_SEARCH_PATHS = (
					"$(inherited)",
					"@executable_path/Frameworks",
					"@loader_path/Frameworks",
				);
				PRODUCT_BUNDLE_IDENTIFIER = "org.SDWebImage.SDWebImageFLIFCoder-tvOS";
				PRODUCT_NAME = "$(TARGET_NAME:c99extidentifier)";
				SDKROOT = appletvos;
				SKIP_INSTALL = YES;
				TARGETED_DEVICE_FAMILY = 3;
			};
			name = Debug;
		};
		328E96442202F73F004DB3BD /* Release */ = {
			isa = XCBuildConfiguration;
			buildSettings = {
				CODE_SIGN_IDENTITY = "";
				CODE_SIGN_STYLE = Automatic;
				DEFINES_MODULE = YES;
				DYLIB_COMPATIBILITY_VERSION = 1;
				DYLIB_CURRENT_VERSION = 1;
				DYLIB_INSTALL_NAME_BASE = "@rpath";
				FRAMEWORK_SEARCH_PATHS = (
					"$(inherited)",
					"$(PROJECT_DIR)/Carthage/Build/tvOS",
				);
				INFOPLIST_FILE = "$(SRCROOT)/SDWebImageFLIFCoder/Module/Info.plist";
				INSTALL_PATH = "$(LOCAL_LIBRARY_DIR)/Frameworks";
				LD_RUNPATH_SEARCH_PATHS = (
					"$(inherited)",
					"@executable_path/Frameworks",
					"@loader_path/Frameworks",
				);
				PRODUCT_BUNDLE_IDENTIFIER = "org.SDWebImage.SDWebImageFLIFCoder-tvOS";
				PRODUCT_NAME = "$(TARGET_NAME:c99extidentifier)";
				SDKROOT = appletvos;
				SKIP_INSTALL = YES;
				TARGETED_DEVICE_FAMILY = 3;
			};
			name = Release;
		};
		328E96502202F747004DB3BD /* Debug */ = {
			isa = XCBuildConfiguration;
			buildSettings = {
				APPLICATION_EXTENSION_API_ONLY = YES;
				CODE_SIGN_IDENTITY = "";
				CODE_SIGN_STYLE = Automatic;
				DEFINES_MODULE = YES;
				DYLIB_COMPATIBILITY_VERSION = 1;
				DYLIB_CURRENT_VERSION = 1;
				DYLIB_INSTALL_NAME_BASE = "@rpath";
				FRAMEWORK_SEARCH_PATHS = (
					"$(inherited)",
					"$(PROJECT_DIR)/Carthage/Build/watchOS",
				);
				INFOPLIST_FILE = "$(SRCROOT)/SDWebImageFLIFCoder/Module/Info.plist";
				INSTALL_PATH = "$(LOCAL_LIBRARY_DIR)/Frameworks";
				LD_RUNPATH_SEARCH_PATHS = (
					"$(inherited)",
					"@executable_path/Frameworks",
					"@loader_path/Frameworks",
				);
				PRODUCT_BUNDLE_IDENTIFIER = "org.SDWebImage.SDWebImageFLIFCoder-watchOS";
				PRODUCT_NAME = "$(TARGET_NAME:c99extidentifier)";
				SDKROOT = watchos;
				SKIP_INSTALL = YES;
				TARGETED_DEVICE_FAMILY = 4;
			};
			name = Debug;
		};
		328E96512202F747004DB3BD /* Release */ = {
			isa = XCBuildConfiguration;
			buildSettings = {
				APPLICATION_EXTENSION_API_ONLY = YES;
				CODE_SIGN_IDENTITY = "";
				CODE_SIGN_STYLE = Automatic;
				DEFINES_MODULE = YES;
				DYLIB_COMPATIBILITY_VERSION = 1;
				DYLIB_CURRENT_VERSION = 1;
				DYLIB_INSTALL_NAME_BASE = "@rpath";
				FRAMEWORK_SEARCH_PATHS = (
					"$(inherited)",
					"$(PROJECT_DIR)/Carthage/Build/watchOS",
				);
				INFOPLIST_FILE = "$(SRCROOT)/SDWebImageFLIFCoder/Module/Info.plist";
				INSTALL_PATH = "$(LOCAL_LIBRARY_DIR)/Frameworks";
				LD_RUNPATH_SEARCH_PATHS = (
					"$(inherited)",
					"@executable_path/Frameworks",
					"@loader_path/Frameworks",
				);
				PRODUCT_BUNDLE_IDENTIFIER = "org.SDWebImage.SDWebImageFLIFCoder-watchOS";
				PRODUCT_NAME = "$(TARGET_NAME:c99extidentifier)";
				SDKROOT = watchos;
				SKIP_INSTALL = YES;
				TARGETED_DEVICE_FAMILY = 4;
			};
			name = Release;
		};
/* End XCBuildConfiguration section */

/* Begin XCConfigurationList section */
		328E960D2202F66F004DB3BD /* Build configuration list for PBXProject "SDWebImageFLIFCoder" */ = {
			isa = XCConfigurationList;
			buildConfigurations = (
				328E96192202F66F004DB3BD /* Debug */,
				328E961A2202F66F004DB3BD /* Release */,
			);
			defaultConfigurationIsVisible = 0;
			defaultConfigurationName = Release;
		};
		328E961B2202F66F004DB3BD /* Build configuration list for PBXNativeTarget "SDWebImageFLIFCoder" */ = {
			isa = XCConfigurationList;
			buildConfigurations = (
				328E961C2202F66F004DB3BD /* Debug */,
				328E961D2202F66F004DB3BD /* Release */,
			);
			defaultConfigurationIsVisible = 0;
			defaultConfigurationName = Release;
		};
		328E96352202F732004DB3BD /* Build configuration list for PBXNativeTarget "SDWebImageFLIFCoder-macOS" */ = {
			isa = XCConfigurationList;
			buildConfigurations = (
				328E96362202F732004DB3BD /* Debug */,
				328E96372202F732004DB3BD /* Release */,
			);
			defaultConfigurationIsVisible = 0;
			defaultConfigurationName = Release;
		};
		328E96422202F73F004DB3BD /* Build configuration list for PBXNativeTarget "SDWebImageFLIFCoder-tvOS" */ = {
			isa = XCConfigurationList;
			buildConfigurations = (
				328E96432202F73F004DB3BD /* Debug */,
				328E96442202F73F004DB3BD /* Release */,
			);
			defaultConfigurationIsVisible = 0;
			defaultConfigurationName = Release;
		};
		328E964F2202F747004DB3BD /* Build configuration list for PBXNativeTarget "SDWebImageFLIFCoder-watchOS" */ = {
			isa = XCConfigurationList;
			buildConfigurations = (
				328E96502202F747004DB3BD /* Debug */,
				328E96512202F747004DB3BD /* Release */,
			);
			defaultConfigurationIsVisible = 0;
			defaultConfigurationName = Release;
		};
/* End XCConfigurationList section */
	};
	rootObject = 328E960A2202F66F004DB3BD /* Project object */;
}
